
Microsoft Visual Studio Solution File, Format Version 12.00
# Visual Studio 15
VisualStudioVersion = 15.0.26124.0
MinimumVisualStudioVersion = 15.0.26124.0
Project("{9A19103F-16F7-4668-BE54-9A1E7A4F7556}") = "CalculadorIndices", "CalculadorIndices\CalculadorIndices.csproj", "{9602B0F8-A916-43C3-A4D3-43038073D639}"
EndProject
Project("{9A19103F-16F7-4668-BE54-9A1E7A4F7556}") = "IndicesTests", "IndicesTests\IndicesTests.csproj", "{ECFE0073-FF37-4A3B-BA39-DA11AAC772EE}"
EndProject
Global
	GlobalSection(SolutionConfigurationPlatforms) = preSolution
		Debug|Any CPU = Debug|Any CPU
		Debug|x64 = Debug|x64
		Debug|x86 = Debug|x86
		Release|Any CPU = Release|Any CPU
		Release|x64 = Release|x64
		Release|x86 = Release|x86
	EndGlobalSection
	GlobalSection(ProjectConfigurationPlatforms) = postSolution
		{9602B0F8-A916-43C3-A4D3-43038073D639}.Debug|Any CPU.ActiveCfg = Debug|Any CPU
		{9602B0F8-A916-43C3-A4D3-43038073D639}.Debug|Any CPU.Build.0 = Debug|Any CPU
		{9602B0F8-A916-43C3-A4D3-43038073D639}.Debug|x64.ActiveCfg = Debug|Any CPU
		{9602B0F8-A916-43C3-A4D3-43038073D639}.Debug|x64.Build.0 = Debug|Any CPU
		{9602B0F8-A916-43C3-A4D3-43038073D639}.Debug|x86.ActiveCfg = Debug|Any CPU
		{9602B0F8-A916-43C3-A4D3-43038073D639}.Debug|x86.Build.0 = Debug|Any CPU
		{9602B0F8-A916-43C3-A4D3-43038073D639}.Release|Any CPU.ActiveCfg = Release|Any CPU
		{9602B0F8-A916-43C3-A4D3-43038073D639}.Release|Any CPU.Build.0 = Release|Any CPU
		{9602B0F8-A916-43C3-A4D3-43038073D639}.Release|x64.ActiveCfg = Release|Any CPU
		{9602B0F8-A916-43C3-A4D3-43038073D639}.Release|x64.Build.0 = Release|Any CPU
		{9602B0F8-A916-43C3-A4D3-43038073D639}.Release|x86.ActiveCfg = Release|Any CPU
		{9602B0F8-A916-43C3-A4D3-43038073D639}.Release|x86.Build.0 = Release|Any CPU
		{ECFE0073-FF37-4A3B-BA39-DA11AAC772EE}.Debug|Any CPU.ActiveCfg = Debug|Any CPU
		{ECFE0073-FF37-4A3B-BA39-DA11AAC772EE}.Debug|Any CPU.Build.0 = Debug|Any CPU
		{ECFE0073-FF37-4A3B-BA39-DA11AAC772EE}.Debug|x64.ActiveCfg = Debug|Any CPU
		{ECFE0073-FF37-4A3B-BA39-DA11AAC772EE}.Debug|x64.Build.0 = Debug|Any CPU
		{ECFE0073-FF37-4A3B-BA39-DA11AAC772EE}.Debug|x86.ActiveCfg = Debug|Any CPU
		{ECFE0073-FF37-4A3B-BA39-DA11AAC772EE}.Debug|x86.Build.0 = Debug|Any CPU
		{ECFE0073-FF37-4A3B-BA39-DA11AAC772EE}.Release|Any CPU.ActiveCfg = Release|Any CPU
		{ECFE0073-FF37-4A3B-BA39-DA11AAC772EE}.Release|Any CPU.Build.0 = Release|Any CPU
		{ECFE0073-FF37-4A3B-BA39-DA11AAC772EE}.Release|x64.ActiveCfg = Release|Any CPU
		{ECFE0073-FF37-4A3B-BA39-DA11AAC772EE}.Release|x64.Build.0 = Release|Any CPU
		{ECFE0073-FF37-4A3B-BA39-DA11AAC772EE}.Release|x86.ActiveCfg = Release|Any CPU
		{ECFE0073-FF37-4A3B-BA39-DA11AAC772EE}.Release|x86.Build.0 = Release|Any CPU
	EndGlobalSection
	GlobalSection(SolutionProperties) = preSolution
		HideSolutionNode = FALSE
	EndGlobalSection
	GlobalSection(ExtensibilityGlobals) = postSolution
		SolutionGuid = {3DF59485-D074-4EF5-9B6E-48DA60168781}
	EndGlobalSection
EndGlobal
